{
  "name": "chinavis2019Challenge",
  "version": "0.1.0",
  "lockfileVersion": 1,
  "requires": true,
  "dependencies": {
    "d3-array": {
      "version": "2.2.0",
      "resolved": "https://registry.npmjs.org/d3-array/-/d3-array-2.2.0.tgz",
      "integrity": "sha512-eE0QmSh6xToqM3sxHiJYg/QFdNn52ZEgmFE8A8abU8GsHvsIOolqH8B70/8+VGAKm5MlwaExhqR3DLIjOJMLPA=="
    },
    "d3-path": {
      "version": "1.0.7",
      "resolved": "https://registry.npmjs.org/d3-path/-/d3-path-1.0.7.tgz",
      "integrity": "sha512-q0cW1RpvA5c5ma2rch62mX8AYaiLX0+bdaSM2wxSU9tXjU4DNvkx9qiUvjkuWCj3p22UO/hlPivujqMiR9PDzA=="
    },
    "d3-sankey": {
      "version": "0.12.1",
      "resolved": "https://registry.npmjs.org/d3-sankey/-/d3-sankey-0.12.1.tgz",
      "integrity": "sha512-2DF8aj52Zkghfl06yCsCJUW/p8ChQND0+p1Xx3DiQIvABp4XazvyMAppgGRjJGwK2tkVYtpI1IgFIlMppBZMhg==",
      "requires": {
        "d3-array": ">=1 <=2",
        "d3-shape": "^1.2.0"
      }
    },
    "d3-shape": {
      "version": "1.3.5",
      "resolved": "https://registry.npmjs.org/d3-shape/-/d3-shape-1.3.5.tgz",
      "integrity": "sha512-VKazVR3phgD+MUCldapHD7P9kcrvPcexeX/PkMJmkUov4JM8IxsSg1DvbYoYich9AtdTsa5nNk2++ImPiDiSxg==",
      "requires": {
        "d3-path": "1"
      }
    }
  }
}
