# THIS IS AN AUTOGENERATED FILE. DO NOT EDIT THIS FILE DIRECTLY.
# yarn lockfile v1


d3-collection@^1.0.7:
  version "1.0.7"
  resolved "https://registry.npm.taobao.org/d3-collection/download/d3-collection-1.0.7.tgz#349bd2aa9977db071091c13144d5e4f16b5b310e"
  integrity sha1-NJvSqpl32wcQkcExRNXk8WtbMQ4=
